lockfileVersion: '9.0'

settings:
  autoInstallPeers: true
  excludeLinksFromLockfile: false

importers:

  .:
    dependencies:
      canonicalize:
        specifier: 4.0.0
        version: 4.0.0
      commander:
        specifier: 15.0.0
        version: 15.0.0
      eventsource-parser:
        specifier: 4.0.0
        version: 4.0.0
      zod:
        specifier: 4.0.17
        version: 4.0.17
    devDependencies:
      '@types/node':
        specifier: 24.3.0
        version: 24.3.0
      prettier:
        specifier: 3.6.2
        version: 3.6.2
      typescript:
        specifier: 5.9.2
        version: 5.9.2

packages:

  '@types/node@24.3.0':
    resolution: {integrity: sha512-aPTXCrfwnDLj4VvXrm+UUCQjNEvJgNA8s5F1cvwQU+3KNltTOkBm1j30uNLyqqPNe7gE3KFzImYoZEfLhp4Yow==}

  canonicalize@4.0.0:
    resolution: {integrity: sha512-FEdXzwWs+N3rZqEqpqleiY9M1A6IAf9oo1zHFABnLW9FcJ/jzsu+G/Ks3Hq3FglmPKe80GeGBw8ZXLEnwPB0vQ==}
    engines: {node: '>=18'}
    hasBin: true

  commander@15.0.0:
    resolution: {integrity: sha512-z67u4ZhzCL/Tydu1lJARtEZYWbWaN7oYLHbsuzocr6y4N6WZAagG3RQ4FW61V1/0+jImpj293XfrcYnd1qxtPg==}
    engines: {node: '>=22.12.0'}

  eventsource-parser@4.0.0:
    resolution: {integrity: sha512-aIpvYxbqTx4KYWw73KpCt1Rh22tEAJ144F1qR76CT3Ex+LNMEPKf5HFrK5Yz9fMP1EVT0GrfA35VZvWQhMPuSQ==}
    engines: {node: '>=22.12'}

  prettier@3.6.2:
    resolution: {integrity: sha512-I7AIg5boAr5R0FFtJ6rCfD+LFsWHp81dolrFD8S79U9tb8Az2nGrJncnMSnys+bpQJfRUzqs9hnA81OAA3hCuQ==}
    engines: {node: '>=14'}
    hasBin: true

  typescript@5.9.2:
    resolution: {integrity: sha512-CWBzXQrc/qOkhidw1OzBTQuYRbfyxDXJMVJ1XNwUHGROVmuaeiEm3OslpZ1RV96d7SKKjZKrSJu3+t/xlw3R9A==}
    engines: {node: '>=14.17'}
    hasBin: true

  undici-types@7.10.0:
    resolution: {integrity: sha512-t5Fy/nfn+14LuOc2KNYg75vZqClpAiqscVvMygNnlsHBFpSXdJaYtXMcdNLpl/Qvc3P2cB3s6lOV51nqsFq4ag==}

  zod@4.0.17:
    resolution: {integrity: sha512-1PHjlYRevNxxdy2JZ8JcNAw7rX8V9P1AKkP+x/xZfxB0K5FYfuV+Ug6P/6NVSR2jHQ+FzDDoDHS04nYUsOIyLQ==}

snapshots:

  '@types/node@24.3.0':
    dependencies:
      undici-types: 7.10.0

  canonicalize@4.0.0: {}

  commander@15.0.0: {}

  eventsource-parser@4.0.0: {}

  prettier@3.6.2: {}

  typescript@5.9.2: {}

  undici-types@7.10.0: {}

  zod@4.0.17: {}
